# THIS IS AN AUTOGENERATED FILE. DO NOT EDIT THIS FILE DIRECTLY.
# yarn lockfile v1


"@babel/runtime@^7.13.10":
  version "7.23.2"
  resolved "https://registry.yarnpkg.com/@babel/runtime/-/runtime-7.23.2.tgz#062b0ac103261d68a966c4c7baf2ae3e62ec3885"
  integrity sha512-mM8eg4yl5D6i3lu2QKPuPH4FArvJ8KhTofbE7jwMUv9KX5mBvwPAqnV3MlyBNqdp9RyRKP6Yck8TrfYrPvX3bg==
  dependencies:
    regenerator-runtime "^0.14.0"

"@playwright/test@^1.39.0":
  version "1.39.0"
  resolved "https://registry.yarnpkg.com/@playwright/test/-/test-1.39.0.tgz#d10ba8e38e44104499e25001945f07faa9fa91cd"
  integrity sha512-3u1iFqgzl7zr004bGPYiN/5EZpRUSFddQBra8Rqll5N0/vfpqlP9I9EXqAoGacuAbX6c9Ulg/Cjqglp5VkK6UQ==
  dependencies:
    playwright "1.39.0"

"@radix-ui/react-compose-refs@1.0.1":
  version "1.0.1"
  resolved "https://registry.yarnpkg.com/@radix-ui/react-compose-refs/-/react-compose-refs-1.0.1.tgz#7ed868b66946aa6030e580b1ffca386dd4d21989"
  integrity sha512-fDSBgd44FKHa1FRMU59qBMPFcl2PZE+2nmqunj+BWFyYYjnhIDWL2ItDs3rrbJDQOtzt5nIebLCQc4QRfz6LJw==
  dependencies:
    "@babel/runtime" "^7.13.10"

"@radix-ui/react-label@^2.0.2":
  version "2.0.2"
  resolved "https://registry.yarnpkg.com/@radix-ui/react-label/-/react-label-2.0.2.tgz#9c72f1d334aac996fdc27b48a8bdddd82108fb6d"
  integrity sha512-N5ehvlM7qoTLx7nWPodsPYPgMzA5WM8zZChQg8nyFJKnDO5WHdba1vv5/H6IO5LtJMfD2Q3wh1qHFGNtK0w3bQ==
  dependencies:
    "@babel/runtime" "^7.13.10"
    "@radix-ui/react-primitive" "1.0.3"

"@radix-ui/react-primitive@1.0.3":
  version "1.0.3"
  resolved "https://registry.yarnpkg.com/@radix-ui/react-primitive/-/react-primitive-1.0.3.tgz#d49ea0f3f0b2fe3ab1cb5667eb03e8b843b914d0"
  integrity sha512-yi58uVyoAcK/Nq1inRY56ZSjKypBNKTa/1mcL8qdl6oJeEaDbOldlzrGn7P6Q3Id5d+SYNGc5AJgc4vGhjs5+g==
  dependencies:
    "@babel/runtime" "^7.13.10"
    "@radix-ui/react-slot" "1.0.2"

"@radix-ui/react-slot@1.0.2":
  version "1.0.2"
  resolved "https://registry.yarnpkg.com/@radix-ui/react-slot/-/react-slot-1.0.2.tgz#a9ff4423eade67f501ffb32ec22064bc9d3099ab"
  integrity sha512-YeTpuq4deV+6DusvVUW4ivBgnkHwECUu0BiN43L5UCDFgdhsRUWAghhTF5MbvNTPzmiFOx90asDSUjWuCNapwg==
  dependencies:
    "@babel/runtime" "^7.13.10"
    "@radix-ui/react-compose-refs" "1.0.1"

"@remix-run/router@1.9.0":
  version "1.9.0"
  resolved "https://registry.yarnpkg.com/@remix-run/router/-/router-1.9.0.tgz#9033238b41c4cbe1e961eccb3f79e2c588328cf6"
  integrity sha512-bV63itrKBC0zdT27qYm6SDZHlkXwFL1xMBuhkn+X7l0+IIhNaH5wuuvZKp6eKhCD4KFhujhfhCT1YxXW6esUIA==

"@types/node@^20.8.4":
  version "20.8.4"
  resolved "https://registry.yarnpkg.com/@types/node/-/node-20.8.4.tgz#0e9ebb2ff29d5c3302fc84477d066fa7c6b441aa"
  integrity sha512-ZVPnqU58giiCjSxjVUESDtdPk4QR5WQhhINbc9UBrKLU68MX5BF6kbQzTrkwbolyr0X8ChBpXfavr5mZFKZQ5A==
  dependencies:
    undici-types "~5.25.1"

fsevents@2.3.2:
  version "2.3.2"
  resolved "https://registry.yarnpkg.com/fsevents/-/fsevents-2.3.2.tgz#8a526f78b8fdf4623b709e0b975c52c24c02fd1a"
  integrity sha512-xiqMQR4xAeHTuB9uWm+fFRcIOgKBMiOBP+eXiyT7jsgVCq1bkVygt00oASowB7EdtpOHaaPgKt812P9ab+DDKA==

playwright-core@1.39.0:
  version "1.39.0"
  resolved "https://registry.yarnpkg.com/playwright-core/-/playwright-core-1.39.0.tgz#efeaea754af4fb170d11845b8da30b2323287c63"
  integrity sha512-+k4pdZgs1qiM+OUkSjx96YiKsXsmb59evFoqv8SKO067qBA+Z2s/dCzJij/ZhdQcs2zlTAgRKfeiiLm8PQ2qvw==

playwright@1.39.0:
  version "1.39.0"
  resolved "https://registry.yarnpkg.com/playwright/-/playwright-1.39.0.tgz#184c81cd6478f8da28bcd9e60e94fcebf566e077"
  integrity sha512-naE5QT11uC/Oiq0BwZ50gDmy8c8WLPRTEWuSSFVG2egBka/1qMoSqYQcROMT9zLwJ86oPofcTH2jBY/5wWOgIw==
  dependencies:
    playwright-core "1.39.0"
  optionalDependencies:
    fsevents "2.3.2"

react-router-dom@^6.16.0:
  version "6.16.0"
  resolved "https://registry.yarnpkg.com/react-router-dom/-/react-router-dom-6.16.0.tgz#86f24658da35eb66727e75ecbb1a029e33ee39d9"
  integrity sha512-aTfBLv3mk/gaKLxgRDUPbPw+s4Y/O+ma3rEN1u8EgEpLpPe6gNjIsWt9rxushMHHMb7mSwxRGdGlGdvmFsyPIg==
  dependencies:
    "@remix-run/router" "1.9.0"
    react-router "6.16.0"

react-router@6.16.0:
  version "6.16.0"
  resolved "https://registry.yarnpkg.com/react-router/-/react-router-6.16.0.tgz#abbf3d5bdc9c108c9b822a18be10ee004096fb81"
  integrity sha512-VT4Mmc4jj5YyjpOi5jOf0I+TYzGpvzERy4ckNSvSh2RArv8LLoCxlsZ2D+tc7zgjxcY34oTz2hZaeX5RVprKqA==
  dependencies:
    "@remix-run/router" "1.9.0"

regenerator-runtime@^0.14.0:
  version "0.14.0"
  resolved "https://registry.yarnpkg.com/regenerator-runtime/-/regenerator-runtime-0.14.0.tgz#5e19d68eb12d486f797e15a3c6a918f7cec5eb45"
  integrity sha512-srw17NI0TUWHuGa5CFGGmhfNIeja30WMBfbslPNhf6JrqQlLN5gcrvig1oqPxiVaXb0oW0XRKtH6Nngs5lKCIA==

rf@^0.0.1:
  version "0.0.1"
  resolved "https://registry.yarnpkg.com/rf/-/rf-0.0.1.tgz#51aed012cf4f4637ce926e92501122c2707e5d98"
  integrity sha512-hFD2Ib8g+jQhQyiDCjxFtIOrfqG6wnnrg1fUe99MMXEvEm7OG36bEFWea7IzIju24WL3te4taFUPC2uWI+PhkQ==

undici-types@~5.25.1:
  version "5.25.3"
  resolved "https://registry.yarnpkg.com/undici-types/-/undici-types-5.25.3.tgz#e044115914c85f0bcbb229f346ab739f064998c3"
  integrity sha512-Ga1jfYwRn7+cP9v8auvEXN1rX3sWqlayd4HP7OKk4mZWylEmu3KzXDUGrQUN6Ol7qo1gPvB2e5gX6udnyEPgdA==
